
Microsoft Visual Studio Solution File, Format Version 12.00
# Visual Studio 15
VisualStudioVersion = 15.0.28307.168
MinimumVisualStudioVersion = 10.0.40219.1
Project("{FAE04EC0-301F-11D3-BF4B-00C04F79EFBC}") = "FormPaint", "FormPaint\FormPaint.csproj", "{AF9C618B-DF05-42CD-864F-616E84FE2989}"
EndProject
Global
	GlobalSection(SolutionConfigurationPlatforms) = preSolution
		Debug|Any CPU = Debug|Any CPU
		Release|Any CPU = Release|Any CPU
	EndGlobalSection
	GlobalSection(ProjectConfigurationPlatforms) = postSolution
		{AF9C618B-DF05-42CD-864F-616E84FE2989}.Debug|Any CPU.ActiveCfg = Debug|Any CPU
		{AF9C618B-DF05-42CD-864F-616E84FE2989}.Debug|Any CPU.Build.0 = Debug|Any CPU
		{AF9C618B-DF05-42CD-864F-616E84FE2989}.Release|Any CPU.ActiveCfg = Release|Any CPU
		{AF9C618B-DF05-42CD-864F-616E84FE2989}.Release|Any CPU.Build.0 = Release|Any CPU
	EndGlobalSection
	GlobalSection(SolutionProperties) = preSolution
		HideSolutionNode = FALSE
	EndGlobalSection
	GlobalSection(ExtensibilityGlobals) = postSolution
		SolutionGuid = {E86C4D0E-66C7-4EC1-93E5-6E28C0CBB2B7}
	EndGlobalSection
EndGlobal
